// !$*UTF8*$!
{
	archiveVersion = 1;
	classes = {
	};
	objectVersion = 50;
	objects = {

/* Begin PBXBuildFile section */
		568319D724DA3ED80089FA2D /* Minecraft.ttf in Resources */ = {isa = PBXBuildFile; fileRef = 566AC8F124D9ED36006BC1DE /* Minecraft.ttf */; };
		568319D824DA3EDD0089FA2D /* Jorolks.ttf in Resources */ = {isa = PBXBuildFile; fileRef = 566AC8F224D9ED3C006BC1DE /* Jorolks.ttf */; };
		56BF998324D8F6B900D0EBD0 /* AppDelegate.swift in Sources */ = {isa = PBXBuildFile; fileRef = 56BF998224D8F6B900D0EBD0 /* AppDelegate.swift */; };
		56BF998924D8F6B900D0EBD0 /* GameScene.swift in Sources */ = {isa = PBXBuildFile; fileRef = 56BF998824D8F6B900D0EBD0 /* GameScene.swift */; };
		56BF998B24D8F6B900D0EBD0 /* ViewController.swift in Sources */ = {isa = PBXBuildFile; fileRef = 56BF998A24D8F6B900D0EBD0 /* ViewController.swift */; };
		56BF998D24D8F6B900D0EBD0 /* Assets.xcassets in Resources */ = {isa = PBXBuildFile; fileRef = 56BF998C24D8F6B900D0EBD0 /* Assets.xcassets */; };
		56BF999024D8F6B900D0EBD0 /* Main.storyboard in Resources */ = {isa = PBXBuildFile; fileRef = 56BF998E24D8F6B900D0EBD0 /* Main.storyboard */; };
		56ED3F3A24D90A330005026B /* FRadioAPI.swift in Sources */ = {isa = PBXBuildFile; fileRef = 56ED3F3624D90A330005026B /* FRadioAPI.swift */; };
		56ED3F3B24D90A330005026B /* FRadioPlayer.swift in Sources */ = {isa = PBXBuildFile; fileRef = 56ED3F3724D90A330005026B /* FRadioPlayer.swift */; };
		56ED3F3C24D90A330005026B /* Reachability.swift in Sources */ = {isa = PBXBuildFile; fileRef = 56ED3F3824D90A330005026B /* Reachability.swift */; };
		56ED3F3D24D90A330005026B /* Track.swift in Sources */ = {isa = PBXBuildFile; fileRef = 56ED3F3924D90A330005026B /* Track.swift */; };
/* End PBXBuildFile section */

/* Begin PBXFileReference section */
		566AC8F124D9ED36006BC1DE /* Minecraft.ttf */ = {isa = PBXFileReference; lastKnownFileType = file; path = Minecraft.ttf; sourceTree = "<group>"; };
		566AC8F224D9ED3C006BC1DE /* Jorolks.ttf */ = {isa = PBXFileReference; lastKnownFileType = file; path = Jorolks.ttf; sourceTree = "<group>"; };
		56BF997F24D8F6B900D0EBD0 /* Saint Vibe Radio.app */ = {isa = PBXFileReference; explicitFileType = wrapper.application; includeInIndex = 0; path = "Saint Vibe Radio.app"; sourceTree = BUILT_PRODUCTS_DIR; };
		56BF998224D8F6B900D0EBD0 /* AppDelegate.swift */ = {isa = PBXFileReference; lastKnownFileType = sourcecode.swift; path = AppDelegate.swift; sourceTree = "<group>"; };
		56BF998824D8F6B900D0EBD0 /* GameScene.swift */ = {isa = PBXFileReference; lastKnownFileType = sourcecode.swift; path = GameScene.swift; sourceTree = "<group>"; };
		56BF998A24D8F6B900D0EBD0 /* ViewController.swift */ = {isa = PBXFileReference; lastKnownFileType = sourcecode.swift; path = ViewController.swift; sourceTree = "<group>"; };
		56BF998C24D8F6B900D0EBD0 /* Assets.xcassets */ = {isa = PBXFileReference; lastKnownFileType = folder.assetcatalog; path = Assets.xcassets; sourceTree = "<group>"; };
		56BF998F24D8F6B900D0EBD0 /* Base */ = {isa = PBXFileReference; lastKnownFileType = file.storyboard; name = Base; path = Base.lproj/Main.storyboard; sourceTree = "<group>"; };
		56BF999124D8F6B900D0EBD0 /* Info.plist */ = {isa = PBXFileReference; lastKnownFileType = text.plist.xml; path = Info.plist; sourceTree = "<group>"; };
		56BF999224D8F6B900D0EBD0 /* vibeRadio.entitlements */ = {isa = PBXFileReference; lastKnownFileType = text.plist.entitlements; path = vibeRadio.entitlements; sourceTree = "<group>"; };
		56ED3F3624D90A330005026B /* FRadioAPI.swift */ = {isa = PBXFileReference; fileEncoding = 4; lastKnownFileType = sourcecode.swift; path = FRadioAPI.swift; sourceTree = "<group>"; };
		56ED3F3724D90A330005026B /* FRadioPlayer.swift */ = {isa = PBXFileReference; fileEncoding = 4; lastKnownFileType = sourcecode.swift; path = FRadioPlayer.swift; sourceTree = "<group>"; };
		56ED3F3824D90A330005026B /* Reachability.swift */ = {isa = PBXFileReference; fileEncoding = 4; lastKnownFileType = sourcecode.swift; path = Reachability.swift; sourceTree = "<group>"; };
		56ED3F3924D90A330005026B /* Track.swift */ = {isa = PBXFileReference; fileEncoding = 4; lastKnownFileType = sourcecode.swift; path = Track.swift; sourceTree = "<group>"; };
/* End PBXFileReference section */

/* Begin PBXFrameworksBuildPhase section */
		56BF997C24D8F6B900D0EBD0 /* Frameworks */ = {
			isa = PBXFrameworksBuildPhase;
			buildActionMask = 2147483647;
			files = (
			);
			runOnlyForDeploymentPostprocessing = 0;
		};
/* End PBXFrameworksBuildPhase section */

/* Begin PBXGroup section */
		566AC8F024D9ED2E006BC1DE /* Fonts */ = {
			isa = PBXGroup;
			children = (
				566AC8F224D9ED3C006BC1DE /* Jorolks.ttf */,
				566AC8F124D9ED36006BC1DE /* Minecraft.ttf */,
			);
			path = Fonts;
			sourceTree = "<group>";
		};
		56BF997624D8F6B900D0EBD0 = {
			isa = PBXGroup;
			children = (
				56BF998124D8F6B900D0EBD0 /* vibeRadio */,
				56BF998024D8F6B900D0EBD0 /* Products */,
			);
			sourceTree = "<group>";
		};
		56BF998024D8F6B900D0EBD0 /* Products */ = {
			isa = PBXGroup;
			children = (
				56BF997F24D8F6B900D0EBD0 /* Saint Vibe Radio.app */,
			);
			name = Products;
			sourceTree = "<group>";
		};
		56BF998124D8F6B900D0EBD0 /* vibeRadio */ = {
			isa = PBXGroup;
			children = (
				566AC8F024D9ED2E006BC1DE /* Fonts */,
				56ED3F3E24D90A400005026B /* Supporting Files */,
				56BF998224D8F6B900D0EBD0 /* AppDelegate.swift */,
				56BF998824D8F6B900D0EBD0 /* GameScene.swift */,
				56BF998A24D8F6B900D0EBD0 /* ViewController.swift */,
				56BF998C24D8F6B900D0EBD0 /* Assets.xcassets */,
				56BF998E24D8F6B900D0EBD0 /* Main.storyboard */,
				56BF999124D8F6B900D0EBD0 /* Info.plist */,
				56BF999224D8F6B900D0EBD0 /* vibeRadio.entitlements */,
			);
			path = vibeRadio;
			sourceTree = "<group>";
		};
		56ED3F3E24D90A400005026B /* Supporting Files */ = {
			isa = PBXGroup;
			children = (
				56ED3F3624D90A330005026B /* FRadioAPI.swift */,
				56ED3F3724D90A330005026B /* FRadioPlayer.swift */,
				56ED3F3824D90A330005026B /* Reachability.swift */,
				56ED3F3924D90A330005026B /* Track.swift */,
			);
			path = "Supporting Files";
			sourceTree = "<group>";
		};
/* End PBXGroup section */

/* Begin PBXNativeTarget section */
		56BF997E24D8F6B900D0EBD0 /* Saint Vibe Radio */ = {
			isa = PBXNativeTarget;
			buildConfigurationList = 56BF999524D8F6BA00D0EBD0 /* Build configuration list for PBXNativeTarget "Saint Vibe Radio" */;
			buildPhases = (
				56BF997B24D8F6B900D0EBD0 /* Sources */,
				56BF997C24D8F6B900D0EBD0 /* Frameworks */,
				56BF997D24D8F6B900D0EBD0 /* Resources */,
			);
			buildRules = (
			);
			dependencies = (
			);
			name = "Saint Vibe Radio";
			productName = vibeRadio;
			productReference = 56BF997F24D8F6B900D0EBD0 /* Saint Vibe Radio.app */;
			productType = "com.apple.product-type.application";
		};
/* End PBXNativeTarget section */

/* Begin PBXProject section */
		56BF997724D8F6B900D0EBD0 /* Project object */ = {
			isa = PBXProject;
			attributes = {
				LastSwiftUpdateCheck = 1160;
				LastUpgradeCheck = 1200;
				ORGANIZATIONNAME = "Jon Alaniz";
				TargetAttributes = {
					56BF997E24D8F6B900D0EBD0 = {
						CreatedOnToolsVersion = 11.6;
					};
				};
			};
			buildConfigurationList = 56BF997A24D8F6B900D0EBD0 /* Build configuration list for PBXProject "vibeRadio" */;
			compatibilityVersion = "Xcode 9.3";
			developmentRegion = en;
			hasScannedForEncodings = 0;
			knownRegions = (
				en,
				Base,
			);
			mainGroup = 56BF997624D8F6B900D0EBD0;
			productRefGroup = 56BF998024D8F6B900D0EBD0 /* Products */;
			projectDirPath = "";
			projectRoot = "";
			targets = (
				56BF997E24D8F6B900D0EBD0 /* Saint Vibe Radio */,
			);
		};
/* End PBXProject section */

/* Begin PBXResourcesBuildPhase section */
		56BF997D24D8F6B900D0EBD0 /* Resources */ = {
			isa = PBXResourcesBuildPhase;
			buildActionMask = 2147483647;
			files = (
				568319D724DA3ED80089FA2D /* Minecraft.ttf in Resources */,
				56BF998D24D8F6B900D0EBD0 /* Assets.xcassets in Resources */,
				56BF999024D8F6B900D0EBD0 /* Main.storyboard in Resources */,
				568319D824DA3EDD0089FA2D /* Jorolks.ttf in Resources */,
			);
			runOnlyForDeploymentPostprocessing = 0;
		};
/* End PBXResourcesBuildPhase section */

/* Begin PBXSourcesBuildPhase section */
		56BF997B24D8F6B900D0EBD0 /* Sources */ = {
			isa = PBXSourcesBuildPhase;
			buildActionMask = 2147483647;
			files = (
				56BF998B24D8F6B900D0EBD0 /* ViewController.swift in Sources */,
				56ED3F3A24D90A330005026B /* FRadioAPI.swift in Sources */,
				56ED3F3C24D90A330005026B /* Reachability.swift in Sources */,
				56ED3F3B24D90A330005026B /* FRadioPlayer.swift in Sources */,
				56BF998924D8F6B900D0EBD0 /* GameScene.swift in Sources */,
				56BF998324D8F6B900D0EBD0 /* AppDelegate.swift in Sources */,
				56ED3F3D24D90A330005026B /* Track.swift in Sources */,
			);
			runOnlyForDeploymentPostprocessing = 0;
		};
/* End PBXSourcesBuildPhase section */

/* Begin PBXVariantGroup section */
		56BF998E24D8F6B900D0EBD0 /* Main.storyboard */ = {
			isa = PBXVariantGroup;
			children = (
				56BF998F24D8F6B900D0EBD0 /* Base */,
			);
			name = Main.storyboard;
			sourceTree = "<group>";
		};
/* End PBXVariantGroup section */

/* Begin XCBuildConfiguration section */
		56BF999324D8F6B900D0EBD0 /* Debug */ = {
			isa = XCBuildConfiguration;
			buildSettings = {
				ALWAYS_SEARCH_USER_PATHS = NO;
				CLANG_ANALYZER_NONNULL = YES;
				CLANG_ANALYZER_NUMBER_OBJECT_CONVERSION = YES_AGGRESSIVE;
				CLANG_CXX_LANGUAGE_STANDARD = "gnu++14";
				CLANG_CXX_LIBRARY = "libc++";
				CLANG_ENABLE_MODULES = YES;
				CLANG_ENABLE_OBJC_ARC = YES;
				CLANG_ENABLE_OBJC_WEAK = YES;
				CLANG_WARN_BLOCK_CAPTURE_AUTORELEASING = YES;
				CLANG_WARN_BOOL_CONVERSION = YES;
				CLANG_WARN_COMMA = YES;
				CLANG_WARN_CONSTANT_CONVERSION = YES;
				CLANG_WARN_DEPRECATED_OBJC_IMPLEMENTATIONS = YES;
				CLANG_WARN_DIRECT_OBJC_ISA_USAGE = YES_ERROR;
				CLANG_WARN_DOCUMENTATION_COMMENTS = YES;
				CLANG_WARN_EMPTY_BODY = YES;
				CLANG_WARN_ENUM_CONVERSION = YES;
				CLANG_WARN_INFINITE_RECURSION = YES;
				CLANG_WARN_INT_CONVERSION = YES;
				CLANG_WARN_NON_LITERAL_NULL_CONVERSION = YES;
				CLANG_WARN_OBJC_IMPLICIT_RETAIN_SELF = YES;
				CLANG_WARN_OBJC_LITERAL_CONVERSION = YES;
				CLANG_WARN_OBJC_ROOT_CLASS = YES_ERROR;
				CLANG_WARN_QUOTED_INCLUDE_IN_FRAMEWORK_HEADER = YES;
				CLANG_WARN_RANGE_LOOP_ANALYSIS = YES;
				CLANG_WARN_STRICT_PROTOTYPES = YES;
				CLANG_WARN_SUSPICIOUS_MOVE = YES;
				CLANG_WARN_UNGUARDED_AVAILABILITY = YES_AGGRESSIVE;
				CLANG_WARN_UNREACHABLE_CODE = YES;
				CLANG_WARN__DUPLICATE_METHOD_MATCH = YES;
				COPY_PHASE_STRIP = NO;
				DEBUG_INFORMATION_FORMAT = dwarf;
				ENABLE_STRICT_OBJC_MSGSEND = YES;
				ENABLE_TESTABILITY = YES;
				GCC_C_LANGUAGE_STANDARD = gnu11;
				GCC_DYNAMIC_NO_PIC = NO;
				GCC_NO_COMMON_BLOCKS = YES;
				GCC_OPTIMIZATION_LEVEL = 0;
				GCC_PREPROCESSOR_DEFINITIONS = (
					"DEBUG=1",
					"$(inherited)",
				);
				GCC_WARN_64_TO_32_BIT_CONVERSION = YES;
				GCC_WARN_ABOUT_RETURN_TYPE = YES_ERROR;
				GCC_WARN_UNDECLARED_SELECTOR = YES;
				GCC_WARN_UNINITIALIZED_AUTOS = YES_AGGRESSIVE;
				GCC_WARN_UNUSED_FUNCTION = YES;
				GCC_WARN_UNUSED_VARIABLE = YES;
				MACOSX_DEPLOYMENT_TARGET = 10.14;
				MTL_ENABLE_DEBUG_INFO = INCLUDE_SOURCE;
				MTL_FAST_MATH = YES;
				ONLY_ACTIVE_ARCH = YES;
				SDKROOT = macosx;
				SWIFT_ACTIVE_COMPILATION_CONDITIONS = DEBUG;
				SWIFT_OPTIMIZATION_LEVEL = "-Onone";
			};
			name = Debug;
		};
		56BF999424D8F6B900D0EBD0 /* Release */ = {
			isa = XCBuildConfiguration;
			buildSettings = {
				ALWAYS_SEARCH_USER_PATHS = NO;
				CLANG_ANALYZER_NONNULL = YES;
				CLANG_ANALYZER_NUMBER_OBJECT_CONVERSION = YES_AGGRESSIVE;
				CLANG_CXX_LANGUAGE_STANDARD = "gnu++14";
				CLANG_CXX_LIBRARY = "libc++";
				CLANG_ENABLE_MODULES = YES;
				CLANG_ENABLE_OBJC_ARC = YES;
				CLANG_ENABLE_OBJC_WEAK = YES;
				CLANG_WARN_BLOCK_CAPTURE_AUTORELEASING = YES;
				CLANG_WARN_BOOL_CONVERSION = YES;
				CLANG_WARN_COMMA = YES;
				CLANG_WARN_CONSTANT_CONVERSION = YES;
				CLANG_WARN_DEPRECATED_OBJC_IMPLEMENTATIONS = YES;
				CLANG_WARN_DIRECT_OBJC_ISA_USAGE = YES_ERROR;
				CLANG_WARN_DOCUMENTATION_COMMENTS = YES;
				CLANG_WARN_EMPTY_BODY = YES;
				CLANG_WARN_ENUM_CONVERSION = YES;
				CLANG_WARN_INFINITE_RECURSION = YES;
				CLANG_WARN_INT_CONVERSION = YES;
				CLANG_WARN_NON_LITERAL_NULL_CONVERSION = YES;
				CLANG_WARN_OBJC_IMPLICIT_RETAIN_SELF = YES;
				CLANG_WARN_OBJC_LITERAL_CONVERSION = YES;
				CLANG_WARN_OBJC_ROOT_CLASS = YES_ERROR;
				CLANG_WARN_QUOTED_INCLUDE_IN_FRAMEWORK_HEADER = YES;
				CLANG_WARN_RANGE_LOOP_ANALYSIS = YES;
				CLANG_WARN_STRICT_PROTOTYPES = YES;
				CLANG_WARN_SUSPICIOUS_MOVE = YES;
				CLANG_WARN_UNGUARDED_AVAILABILITY = YES_AGGRESSIVE;
				CLANG_WARN_UNREACHABLE_CODE = YES;
				CLANG_WARN__DUPLICATE_METHOD_MATCH = YES;
				COPY_PHASE_STRIP = NO;
				DEBUG_INFORMATION_FORMAT = "dwarf-with-dsym";
				ENABLE_NS_ASSERTIONS = NO;
				ENABLE_STRICT_OBJC_MSGSEND = YES;
				GCC_C_LANGUAGE_STANDARD = gnu11;
				GCC_NO_COMMON_BLOCKS = YES;
				GCC_WARN_64_TO_32_BIT_CONVERSION = YES;
				GCC_WARN_ABOUT_RETURN_TYPE = YES_ERROR;
				GCC_WARN_UNDECLARED_SELECTOR = YES;
				GCC_WARN_UNINITIALIZED_AUTOS = YES_AGGRESSIVE;
				GCC_WARN_UNUSED_FUNCTION = YES;
				GCC_WARN_UNUSED_VARIABLE = YES;
				MACOSX_DEPLOYMENT_TARGET = 10.14;
				MTL_ENABLE_DEBUG_INFO = NO;
				MTL_FAST_MATH = YES;
				SDKROOT = macosx;
				SWIFT_COMPILATION_MODE = wholemodule;
				SWIFT_OPTIMIZATION_LEVEL = "-O";
			};
			name = Release;
		};
		56BF999624D8F6BA00D0EBD0 /* Debug */ = {
			isa = XCBuildConfiguration;
			buildSettings = {
				ASSETCATALOG_COMPILER_APPICON_NAME = AppIcon;
				CODE_SIGN_ENTITLEMENTS = vibeRadio/vibeRadio.entitlements;
				CODE_SIGN_IDENTITY = "-";
				CODE_SIGN_STYLE = Automatic;
				COMBINE_HIDPI_IMAGES = YES;
				CURRENT_PROJECT_VERSION = 5;
				DEVELOPMENT_TEAM = 2445G329LF;
				ENABLE_HARDENED_RUNTIME = YES;
				INFOPLIST_FILE = vibeRadio/Info.plist;
				LD_RUNPATH_SEARCH_PATHS = (
					"$(inherited)",
					"@executable_path/../Frameworks",
				);
				MACOSX_DEPLOYMENT_TARGET = 10.14;
				PRODUCT_BUNDLE_IDENTIFIER = com.jonalaniz.SaintVibeRadio;
				PRODUCT_NAME = "$(TARGET_NAME)";
				SWIFT_VERSION = 5.0;
			};
			name = Debug;
		};
		56BF999724D8F6BA00D0EBD0 /* Release */ = {
			isa = XCBuildConfiguration;
			buildSettings = {
				ASSETCATALOG_COMPILER_APPICON_NAME = AppIcon;
				CODE_SIGN_ENTITLEMENTS = vibeRadio/vibeRadio.entitlements;
				CODE_SIGN_IDENTITY = "-";
				CODE_SIGN_STYLE = Automatic;
				COMBINE_HIDPI_IMAGES = YES;
				CURRENT_PROJECT_VERSION = 5;
				DEVELOPMENT_TEAM = 2445G329LF;
				ENABLE_HARDENED_RUNTIME = YES;
				INFOPLIST_FILE = vibeRadio/Info.plist;
				LD_RUNPATH_SEARCH_PATHS = (
					"$(inherited)",
					"@executable_path/../Frameworks",
				);
				MACOSX_DEPLOYMENT_TARGET = 10.14;
				PRODUCT_BUNDLE_IDENTIFIER = com.jonalaniz.SaintVibeRadio;
				PRODUCT_NAME = "$(TARGET_NAME)";
				SWIFT_VERSION = 5.0;
			};
			name = Release;
		};
/* End XCBuildConfiguration section */

/* Begin XCConfigurationList section */
		56BF997A24D8F6B900D0EBD0 /* Build configuration list for PBXProject "vibeRadio" */ = {
			isa = XCConfigurationList;
			buildConfigurations = (
				56BF999324D8F6B900D0EBD0 /* Debug */,
				56BF999424D8F6B900D0EBD0 /* Release */,
			);
			defaultConfigurationIsVisible = 0;
			defaultConfigurationName = Release;
		};
		56BF999524D8F6BA00D0EBD0 /* Build configuration list for PBXNativeTarget "Saint Vibe Radio" */ = {
			isa = XCConfigurationList;
			buildConfigurations = (
				56BF999624D8F6BA00D0EBD0 /* Debug */,
				56BF999724D8F6BA00D0EBD0 /* Release */,
			);
			defaultConfigurationIsVisible = 0;
			defaultConfigurationName = Release;
		};
/* End XCConfigurationList section */
	};
	rootObject = 56BF997724D8F6B900D0EBD0 /* Project object */;
}
